// !$*UTF8*$!
{
	archiveVersion = 1;
	classes = {
	};
	objectVersion = 56;
	objects = {

/* Begin PBXBuildFile section */
		3DE970E82D3FFE7000A3B976 /* AppDelegate.swift in Sources */ = {isa = PBXBuildFile; fileRef = 3DE970E72D3FFE7000A3B976 /* AppDelegate.swift */; };
		3DE970EA2D3FFE7000A3B976 /* SceneDelegate.swift in Sources */ = {isa = PBXBuildFile; fileRef = 3DE970E92D3FFE7000A3B976 /* SceneDelegate.swift */; };
		3DE970F12D3FFE7100A3B976 /* Assets.xcassets in Resources */ = {isa = PBXBuildFile; fileRef = 3DE970F02D3FFE7100A3B976 /* Assets.xcassets */; };
		3DE970F42D3FFE7100A3B976 /* Base in Resources */ = {isa = PBXBuildFile; fileRef = 3DE970F32D3FFE7100A3B976 /* Base */; };
		3DE970FC2D4000F200A3B976 /* Router.swift in Sources */ = {isa = PBXBuildFile; fileRef = 3DE970FB2D4000F200A3B976 /* Router.swift */; };
		3DE970FE2D40010F00A3B976 /* Presenter.swift in Sources */ = {isa = PBXBuildFile; fileRef = 3DE970FD2D40010F00A3B976 /* Presenter.swift */; };
		3DE971002D40014100A3B976 /* View.swift in Sources */ = {isa = PBXBuildFile; fileRef = 3DE970FF2D40014100A3B976 /* View.swift */; };
		3DE971022D40014F00A3B976 /* Interactor.swift in Sources */ = {isa = PBXBuildFile; fileRef = 3DE971012D40014F00A3B976 /* Interactor.swift */; };
		3DE971042D40016400A3B976 /* Entity.swift in Sources */ = {isa = PBXBuildFile; fileRef = 3DE971032D40016400A3B976 /* Entity.swift */; };
		3DE971062D40102900A3B976 /* ListRouter.swift in Sources */ = {isa = PBXBuildFile; fileRef = 3DE971052D40102900A3B976 /* ListRouter.swift */; };
		3DE971092D4010EE00A3B976 /* ListPresenter.swift in Sources */ = {isa = PBXBuildFile; fileRef = 3DE971082D4010EE00A3B976 /* ListPresenter.swift */; };
		3DE9710B2D4011E500A3B976 /* ListInteractor.swift in Sources */ = {isa = PBXBuildFile; fileRef = 3DE9710A2D4011E500A3B976 /* ListInteractor.swift */; };
		3DE9710D2D40258D00A3B976 /* ListViewController.swift in Sources */ = {isa = PBXBuildFile; fileRef = 3DE9710C2D40258D00A3B976 /* ListViewController.swift */; };
		3DE971122D40726200A3B976 /* DetailViewController.swift in Sources */ = {isa = PBXBuildFile; fileRef = 3DE971112D40726200A3B976 /* DetailViewController.swift */; };
		3DE971142D41537D00A3B976 /* DetailInteractor.swift in Sources */ = {isa = PBXBuildFile; fileRef = 3DE971132D41537D00A3B976 /* DetailInteractor.swift */; };
		3DE971162D415BD200A3B976 /* DetailPresenter.swift in Sources */ = {isa = PBXBuildFile; fileRef = 3DE971152D415BD200A3B976 /* DetailPresenter.swift */; };
		3DE971182D4177B200A3B976 /* DetailRouter.swift in Sources */ = {isa = PBXBuildFile; fileRef = 3DE971172D4177B200A3B976 /* DetailRouter.swift */; };
/* End PBXBuildFile section */

/* Begin PBXFileReference section */
		3DE970E42D3FFE7000A3B976 /* PokemonViper.app */ = {isa = PBXFileReference; explicitFileType = wrapper.application; includeInIndex = 0; path = PokemonViper.app; sourceTree = BUILT_PRODUCTS_DIR; };
		3DE970E72D3FFE7000A3B976 /* AppDelegate.swift */ = {isa = PBXFileReference; lastKnownFileType = sourcecode.swift; path = AppDelegate.swift; sourceTree = "<group>"; };
		3DE970E92D3FFE7000A3B976 /* SceneDelegate.swift */ = {isa = PBXFileReference; lastKnownFileType = sourcecode.swift; path = SceneDelegate.swift; sourceTree = "<group>"; };
		3DE970F02D3FFE7100A3B976 /* Assets.xcassets */ = {isa = PBXFileReference; lastKnownFileType = folder.assetcatalog; path = Assets.xcassets; sourceTree = "<group>"; };
		3DE970F32D3FFE7100A3B976 /* Base */ = {isa = PBXFileReference; lastKnownFileType = file.storyboard; name = Base; path = Base.lproj/LaunchScreen.storyboard; sourceTree = "<group>"; };
		3DE970F52D3FFE7100A3B976 /* Info.plist */ = {isa = PBXFileReference; lastKnownFileType = text.plist.xml; path = Info.plist; sourceTree = "<group>"; };
		3DE970FB2D4000F200A3B976 /* Router.swift */ = {isa = PBXFileReference; lastKnownFileType = sourcecode.swift; path = Router.swift; sourceTree = "<group>"; };
		3DE970FD2D40010F00A3B976 /* Presenter.swift */ = {isa = PBXFileReference; lastKnownFileType = sourcecode.swift; path = Presenter.swift; sourceTree = "<group>"; };
		3DE970FF2D40014100A3B976 /* View.swift */ = {isa = PBXFileReference; lastKnownFileType = sourcecode.swift; path = View.swift; sourceTree = "<group>"; };
		3DE971012D40014F00A3B976 /* Interactor.swift */ = {isa = PBXFileReference; lastKnownFileType = sourcecode.swift; path = Interactor.swift; sourceTree = "<group>"; };
		3DE971032D40016400A3B976 /* Entity.swift */ = {isa = PBXFileReference; lastKnownFileType = sourcecode.swift; path = Entity.swift; sourceTree = "<group>"; };
		3DE971052D40102900A3B976 /* ListRouter.swift */ = {isa = PBXFileReference; lastKnownFileType = sourcecode.swift; path = ListRouter.swift; sourceTree = "<group>"; };
		3DE971082D4010EE00A3B976 /* ListPresenter.swift */ = {isa = PBXFileReference; lastKnownFileType = sourcecode.swift; path = ListPresenter.swift; sourceTree = "<group>"; };
		3DE9710A2D4011E500A3B976 /* ListInteractor.swift */ = {isa = PBXFileReference; lastKnownFileType = sourcecode.swift; path = ListInteractor.swift; sourceTree = "<group>"; };
		3DE9710C2D40258D00A3B976 /* ListViewController.swift */ = {isa = PBXFileReference; lastKnownFileType = sourcecode.swift; path = ListViewController.swift; sourceTree = "<group>"; };
		3DE971112D40726200A3B976 /* DetailViewController.swift */ = {isa = PBXFileReference; lastKnownFileType = sourcecode.swift; path = DetailViewController.swift; sourceTree = "<group>"; };
		3DE971132D41537D00A3B976 /* DetailInteractor.swift */ = {isa = PBXFileReference; lastKnownFileType = sourcecode.swift; path = DetailInteractor.swift; sourceTree = "<group>"; };
		3DE971152D415BD200A3B976 /* DetailPresenter.swift */ = {isa = PBXFileReference; lastKnownFileType = sourcecode.swift; path = DetailPresenter.swift; sourceTree = "<group>"; };
		3DE971172D4177B200A3B976 /* DetailRouter.swift */ = {isa = PBXFileReference; lastKnownFileType = sourcecode.swift; path = DetailRouter.swift; sourceTree = "<group>"; };
/* End PBXFileReference section */

/* Begin PBXFrameworksBuildPhase section */
		3DE970E12D3FFE7000A3B976 /* Frameworks */ = {
			isa = PBXFrameworksBuildPhase;
			buildActionMask = 2147483647;
			files = (
			);
			runOnlyForDeploymentPostprocessing = 0;
		};
/* End PBXFrameworksBuildPhase section */

/* Begin PBXGroup section */
		3DE970DB2D3FFE6F00A3B976 = {
			isa = PBXGroup;
			children = (
				3DE970E62D3FFE7000A3B976 /* PokemonViper */,
				3DE970E52D3FFE7000A3B976 /* Products */,
			);
			sourceTree = "<group>";
		};
		3DE970E52D3FFE7000A3B976 /* Products */ = {
			isa = PBXGroup;
			children = (
				3DE970E42D3FFE7000A3B976 /* PokemonViper.app */,
			);
			name = Products;
			sourceTree = "<group>";
		};
		3DE970E62D3FFE7000A3B976 /* PokemonViper */ = {
			isa = PBXGroup;
			children = (
				3DE971102D40724E00A3B976 /* Detail */,
				3DE971072D40103000A3B976 /* ListPokemons */,
				3DE970E72D3FFE7000A3B976 /* AppDelegate.swift */,
				3DE970E92D3FFE7000A3B976 /* SceneDelegate.swift */,
				3DE970F02D3FFE7100A3B976 /* Assets.xcassets */,
				3DE970F22D3FFE7100A3B976 /* LaunchScreen.storyboard */,
				3DE970F52D3FFE7100A3B976 /* Info.plist */,
				3DE970FB2D4000F200A3B976 /* Router.swift */,
				3DE970FD2D40010F00A3B976 /* Presenter.swift */,
				3DE970FF2D40014100A3B976 /* View.swift */,
				3DE971012D40014F00A3B976 /* Interactor.swift */,
				3DE971032D40016400A3B976 /* Entity.swift */,
			);
			path = PokemonViper;
			sourceTree = "<group>";
		};
		3DE971072D40103000A3B976 /* ListPokemons */ = {
			isa = PBXGroup;
			children = (
				3DE971052D40102900A3B976 /* ListRouter.swift */,
				3DE971082D4010EE00A3B976 /* ListPresenter.swift */,
				3DE9710A2D4011E500A3B976 /* ListInteractor.swift */,
				3DE9710C2D40258D00A3B976 /* ListViewController.swift */,
			);
			path = ListPokemons;
			sourceTree = "<group>";
		};
		3DE971102D40724E00A3B976 /* Detail */ = {
			isa = PBXGroup;
			children = (
				3DE971112D40726200A3B976 /* DetailViewController.swift */,
				3DE971132D41537D00A3B976 /* DetailInteractor.swift */,
				3DE971152D415BD200A3B976 /* DetailPresenter.swift */,
				3DE971172D4177B200A3B976 /* DetailRouter.swift */,
			);
			path = Detail;
			sourceTree = "<group>";
		};
/* End PBXGroup section */

/* Begin PBXNativeTarget section */
		3DE970E32D3FFE7000A3B976 /* PokemonViper */ = {
			isa = PBXNativeTarget;
			buildConfigurationList = 3DE970F82D3FFE7100A3B976 /* Build configuration list for PBXNativeTarget "PokemonViper" */;
			buildPhases = (
				3DE970E02D3FFE7000A3B976 /* Sources */,
				3DE970E12D3FFE7000A3B976 /* Frameworks */,
				3DE970E22D3FFE7000A3B976 /* Resources */,
			);
			buildRules = (
			);
			dependencies = (
			);
			name = PokemonViper;
			productName = PokemonViper;
			productReference = 3DE970E42D3FFE7000A3B976 /* PokemonViper.app */;
			productType = "com.apple.product-type.application";
		};
/* End PBXNativeTarget section */

/* Begin PBXProject section */
		3DE970DC2D3FFE6F00A3B976 /* Project object */ = {
			isa = PBXProject;
			attributes = {
				BuildIndependentTargetsInParallel = 1;
				LastSwiftUpdateCheck = 1540;
				LastUpgradeCheck = 1540;
				TargetAttributes = {
					3DE970E32D3FFE7000A3B976 = {
						CreatedOnToolsVersion = 15.4;
					};
				};
			};
			buildConfigurationList = 3DE970DF2D3FFE6F00A3B976 /* Build configuration list for PBXProject "PokemonViper" */;
			compatibilityVersion = "Xcode 14.0";
			developmentRegion = en;
			hasScannedForEncodings = 0;
			knownRegions = (
				en,
				Base,
			);
			mainGroup = 3DE970DB2D3FFE6F00A3B976;
			productRefGroup = 3DE970E52D3FFE7000A3B976 /* Products */;
			projectDirPath = "";
			projectRoot = "";
			targets = (
				3DE970E32D3FFE7000A3B976 /* PokemonViper */,
			);
		};
/* End PBXProject section */

/* Begin PBXResourcesBuildPhase section */
		3DE970E22D3FFE7000A3B976 /* Resources */ = {
			isa = PBXResourcesBuildPhase;
			buildActionMask = 2147483647;
			files = (
				3DE970F12D3FFE7100A3B976 /* Assets.xcassets in Resources */,
				3DE970F42D3FFE7100A3B976 /* Base in Resources */,
			);
			runOnlyForDeploymentPostprocessing = 0;
		};
/* End PBXResourcesBuildPhase section */

/* Begin PBXSourcesBuildPhase section */
		3DE970E02D3FFE7000A3B976 /* Sources */ = {
			isa = PBXSourcesBuildPhase;
			buildActionMask = 2147483647;
			files = (
				3DE971182D4177B200A3B976 /* DetailRouter.swift in Sources */,
				3DE9710B2D4011E500A3B976 /* ListInteractor.swift in Sources */,
				3DE971062D40102900A3B976 /* ListRouter.swift in Sources */,
				3DE971092D4010EE00A3B976 /* ListPresenter.swift in Sources */,
				3DE971022D40014F00A3B976 /* Interactor.swift in Sources */,
				3DE970FE2D40010F00A3B976 /* Presenter.swift in Sources */,
				3DE971162D415BD200A3B976 /* DetailPresenter.swift in Sources */,
				3DE9710D2D40258D00A3B976 /* ListViewController.swift in Sources */,
				3DE971042D40016400A3B976 /* Entity.swift in Sources */,
				3DE970FC2D4000F200A3B976 /* Router.swift in Sources */,
				3DE971142D41537D00A3B976 /* DetailInteractor.swift in Sources */,
				3DE971002D40014100A3B976 /* View.swift in Sources */,
				3DE970E82D3FFE7000A3B976 /* AppDelegate.swift in Sources */,
				3DE971122D40726200A3B976 /* DetailViewController.swift in Sources */,
				3DE970EA2D3FFE7000A3B976 /* SceneDelegate.swift in Sources */,
			);
			runOnlyForDeploymentPostprocessing = 0;
		};
/* End PBXSourcesBuildPhase section */

/* Begin PBXVariantGroup section */
		3DE970F22D3FFE7100A3B976 /* LaunchScreen.storyboard */ = {
			isa = PBXVariantGroup;
			children = (
				3DE970F32D3FFE7100A3B976 /* Base */,
			);
			name = LaunchScreen.storyboard;
			sourceTree = "<group>";
		};
/* End PBXVariantGroup section */

/* Begin XCBuildConfiguration section */
		3DE970F62D3FFE7100A3B976 /* Debug */ = {
			isa = XCBuildConfiguration;
			buildSettings = {
				ALWAYS_SEARCH_USER_PATHS = NO;
				ASSETCATALOG_COMPILER_GENERATE_SWIFT_ASSET_SYMBOL_EXTENSIONS = YES;
				CLANG_ANALYZER_NONNULL = YES;
				CLANG_ANALYZER_NUMBER_OBJECT_CONVERSION = YES_AGGRESSIVE;
				CLANG_CXX_LANGUAGE_STANDARD = "gnu++20";
				CLANG_ENABLE_MODULES = YES;
				CLANG_ENABLE_OBJC_ARC = YES;
				CLANG_ENABLE_OBJC_WEAK = YES;
				CLANG_WARN_BLOCK_CAPTURE_AUTORELEASING = YES;
				CLANG_WARN_BOOL_CONVERSION = YES;
				CLANG_WARN_COMMA = YES;
				CLANG_WARN_CONSTANT_CONVERSION = YES;
				CLANG_WARN_DEPRECATED_OBJC_IMPLEMENTATIONS = YES;
				CLANG_WARN_DIRECT_OBJC_ISA_USAGE = YES_ERROR;
				CLANG_WARN_DOCUMENTATION_COMMENTS = YES;
				CLANG_WARN_EMPTY_BODY = YES;
				CLANG_WARN_ENUM_CONVERSION = YES;
				CLANG_WARN_INFINITE_RECURSION = YES;
				CLANG_WARN_INT_CONVERSION = YES;
				CLANG_WARN_NON_LITERAL_NULL_CONVERSION = YES;
				CLANG_WARN_OBJC_IMPLICIT_RETAIN_SELF = YES;
				CLANG_WARN_OBJC_LITERAL_CONVERSION = YES;
				CLANG_WARN_OBJC_ROOT_CLASS = YES_ERROR;
				CLANG_WARN_QUOTED_INCLUDE_IN_FRAMEWORK_HEADER = YES;
				CLANG_WARN_RANGE_LOOP_ANALYSIS = YES;
				CLANG_WARN_STRICT_PROTOTYPES = YES;
				CLANG_WARN_SUSPICIOUS_MOVE = YES;
				CLANG_WARN_UNGUARDED_AVAILABILITY = YES_AGGRESSIVE;
				CLANG_WARN_UNREACHABLE_CODE = YES;
				CLANG_WARN__DUPLICATE_METHOD_MATCH = YES;
				COPY_PHASE_STRIP = NO;
				DEBUG_INFORMATION_FORMAT = dwarf;
				ENABLE_STRICT_OBJC_MSGSEND = YES;
				ENABLE_TESTABILITY = YES;
				ENABLE_USER_SCRIPT_SANDBOXING = YES;
				GCC_C_LANGUAGE_STANDARD = gnu17;
				GCC_DYNAMIC_NO_PIC = NO;
				GCC_NO_COMMON_BLOCKS = YES;
				GCC_OPTIMIZATION_LEVEL = 0;
				GCC_PREPROCESSOR_DEFINITIONS = (
					"DEBUG=1",
					"$(inherited)",
				);
				GCC_WARN_64_TO_32_BIT_CONVERSION = YES;
				GCC_WARN_ABOUT_RETURN_TYPE = YES_ERROR;
				GCC_WARN_UNDECLARED_SELECTOR = YES;
				GCC_WARN_UNINITIALIZED_AUTOS = YES_AGGRESSIVE;
				GCC_WARN_UNUSED_FUNCTION = YES;
				GCC_WARN_UNUSED_VARIABLE = YES;
				IPHONEOS_DEPLOYMENT_TARGET = 17.5;
				LOCALIZATION_PREFERS_STRING_CATALOGS = YES;
				MTL_ENABLE_DEBUG_INFO = INCLUDE_SOURCE;
				MTL_FAST_MATH = YES;
				ONLY_ACTIVE_ARCH = YES;
				SDKROOT = iphoneos;
				SWIFT_ACTIVE_COMPILATION_CONDITIONS = "DEBUG $(inherited)";
				SWIFT_OPTIMIZATION_LEVEL = "-Onone";
			};
			name = Debug;
		};
		3DE970F72D3FFE7100A3B976 /* Release */ = {
			isa = XCBuildConfiguration;
			buildSettings = {
				ALWAYS_SEARCH_USER_PATHS = NO;
				ASSETCATALOG_COMPILER_GENERATE_SWIFT_ASSET_SYMBOL_EXTENSIONS = YES;
				CLANG_ANALYZER_NONNULL = YES;
				CLANG_ANALYZER_NUMBER_OBJECT_CONVERSION = YES_AGGRESSIVE;
				CLANG_CXX_LANGUAGE_STANDARD = "gnu++20";
				CLANG_ENABLE_MODULES = YES;
				CLANG_ENABLE_OBJC_ARC = YES;
				CLANG_ENABLE_OBJC_WEAK = YES;
				CLANG_WARN_BLOCK_CAPTURE_AUTORELEASING = YES;
				CLANG_WARN_BOOL_CONVERSION = YES;
				CLANG_WARN_COMMA = YES;
				CLANG_WARN_CONSTANT_CONVERSION = YES;
				CLANG_WARN_DEPRECATED_OBJC_IMPLEMENTATIONS = YES;
				CLANG_WARN_DIRECT_OBJC_ISA_USAGE = YES_ERROR;
				CLANG_WARN_DOCUMENTATION_COMMENTS = YES;
				CLANG_WARN_EMPTY_BODY = YES;
				CLANG_WARN_ENUM_CONVERSION = YES;
				CLANG_WARN_INFINITE_RECURSION = YES;
				CLANG_WARN_INT_CONVERSION = YES;
				CLANG_WARN_NON_LITERAL_NULL_CONVERSION = YES;
				CLANG_WARN_OBJC_IMPLICIT_RETAIN_SELF = YES;
				CLANG_WARN_OBJC_LITERAL_CONVERSION = YES;
				CLANG_WARN_OBJC_ROOT_CLASS = YES_ERROR;
				CLANG_WARN_QUOTED_INCLUDE_IN_FRAMEWORK_HEADER = YES;
				CLANG_WARN_RANGE_LOOP_ANALYSIS = YES;
				CLANG_WARN_STRICT_PROTOTYPES = YES;
				CLANG_WARN_SUSPICIOUS_MOVE = YES;
				CLANG_WARN_UNGUARDED_AVAILABILITY = YES_AGGRESSIVE;
				CLANG_WARN_UNREACHABLE_CODE = YES;
				CLANG_WARN__DUPLICATE_METHOD_MATCH = YES;
				COPY_PHASE_STRIP = NO;
				DEBUG_INFORMATION_FORMAT = "dwarf-with-dsym";
				ENABLE_NS_ASSERTIONS = NO;
				ENABLE_STRICT_OBJC_MSGSEND = YES;
				ENABLE_USER_SCRIPT_SANDBOXING = YES;
				GCC_C_LANGUAGE_STANDARD = gnu17;
				GCC_NO_COMMON_BLOCKS = YES;
				GCC_WARN_64_TO_32_BIT_CONVERSION = YES;
				GCC_WARN_ABOUT_RETURN_TYPE = YES_ERROR;
				GCC_WARN_UNDECLARED_SELECTOR = YES;
				GCC_WARN_UNINITIALIZED_AUTOS = YES_AGGRESSIVE;
				GCC_WARN_UNUSED_FUNCTION = YES;
				GCC_WARN_UNUSED_VARIABLE = YES;
				IPHONEOS_DEPLOYMENT_TARGET = 17.5;
				LOCALIZATION_PREFERS_STRING_CATALOGS = YES;
				MTL_ENABLE_DEBUG_INFO = NO;
				MTL_FAST_MATH = YES;
				SDKROOT = iphoneos;
				SWIFT_COMPILATION_MODE = wholemodule;
				VALIDATE_PRODUCT = YES;
			};
			name = Release;
		};
		3DE970F92D3FFE7100A3B976 /* Debug */ = {
			isa = XCBuildConfiguration;
			buildSettings = {
				ASSETCATALOG_COMPILER_APPICON_NAME = AppIcon;
				ASSETCATALOG_COMPILER_GLOBAL_ACCENT_COLOR_NAME = AccentColor;
				CODE_SIGN_STYLE = Automatic;
				CURRENT_PROJECT_VERSION = 1;
				DEVELOPMENT_TEAM = 54CV2B6LNS;
				GENERATE_INFOPLIST_FILE = YES;
				INFOPLIST_FILE = PokemonViper/Info.plist;
				INFOPLIST_KEY_UIApplicationSupportsIndirectInputEvents = YES;
				INFOPLIST_KEY_UILaunchStoryboardName = LaunchScreen;
				INFOPLIST_KEY_UIMainStoryboardFile = Main;
				INFOPLIST_KEY_UISupportedInterfaceOrientations = UIInterfaceOrientationPortrait;
				INFOPLIST_KEY_UISupportedInterfaceOrientations_iPad = "UIInterfaceOrientationLandscapeLeft UIInterfaceOrientationLandscapeRight UIInterfaceOrientationPortrait UIInterfaceOrientationPortraitUpsideDown";
				IPHONEOS_DEPLOYMENT_TARGET = 14.0;
				LD_RUNPATH_SEARCH_PATHS = (
					"$(inherited)",
					"@executable_path/Frameworks",
				);
				MARKETING_VERSION = 1.0;
				PRODUCT_BUNDLE_IDENTIFIER = alexguerrah.PokemonViper;
				PRODUCT_NAME = "$(TARGET_NAME)";
				SUPPORTED_PLATFORMS = "iphoneos iphonesimulator";
				SUPPORTS_MACCATALYST = NO;
				SUPPORTS_MAC_DESIGNED_FOR_IPHONE_IPAD = NO;
				SUPPORTS_XR_DESIGNED_FOR_IPHONE_IPAD = NO;
				SWIFT_EMIT_LOC_STRINGS = YES;
				SWIFT_VERSION = 5.0;
				TARGETED_DEVICE_FAMILY = 1;
			};
			name = Debug;
		};
		3DE970FA2D3FFE7100A3B976 /* Release */ = {
			isa = XCBuildConfiguration;
			buildSettings = {
				ASSETCATALOG_COMPILER_APPICON_NAME = AppIcon;
				ASSETCATALOG_COMPILER_GLOBAL_ACCENT_COLOR_NAME = AccentColor;
				CODE_SIGN_STYLE = Automatic;
				CURRENT_PROJECT_VERSION = 1;
				DEVELOPMENT_TEAM = 54CV2B6LNS;
				GENERATE_INFOPLIST_FILE = YES;
				INFOPLIST_FILE = PokemonViper/Info.plist;
				INFOPLIST_KEY_UIApplicationSupportsIndirectInputEvents = YES;
				INFOPLIST_KEY_UILaunchStoryboardName = LaunchScreen;
				INFOPLIST_KEY_UIMainStoryboardFile = Main;
				INFOPLIST_KEY_UISupportedInterfaceOrientations = UIInterfaceOrientationPortrait;
				INFOPLIST_KEY_UISupportedInterfaceOrientations_iPad = "UIInterfaceOrientationLandscapeLeft UIInterfaceOrientationLandscapeRight UIInterfaceOrientationPortrait UIInterfaceOrientationPortraitUpsideDown";
				IPHONEOS_DEPLOYMENT_TARGET = 14.0;
				LD_RUNPATH_SEARCH_PATHS = (
					"$(inherited)",
					"@executable_path/Frameworks",
				);
				MARKETING_VERSION = 1.0;
				PRODUCT_BUNDLE_IDENTIFIER = alexguerrah.PokemonViper;
				PRODUCT_NAME = "$(TARGET_NAME)";
				SUPPORTED_PLATFORMS = "iphoneos iphonesimulator";
				SUPPORTS_MACCATALYST = NO;
				SUPPORTS_MAC_DESIGNED_FOR_IPHONE_IPAD = NO;
				SUPPORTS_XR_DESIGNED_FOR_IPHONE_IPAD = NO;
				SWIFT_EMIT_LOC_STRINGS = YES;
				SWIFT_VERSION = 5.0;
				TARGETED_DEVICE_FAMILY = 1;
			};
			name = Release;
		};
/* End XCBuildConfiguration section */

/* Begin XCConfigurationList section */
		3DE970DF2D3FFE6F00A3B976 /* Build configuration list for PBXProject "PokemonViper" */ = {
			isa = XCConfigurationList;
			buildConfigurations = (
				3DE970F62D3FFE7100A3B976 /* Debug */,
				3DE970F72D3FFE7100A3B976 /* Release */,
			);
			defaultConfigurationIsVisible = 0;
			defaultConfigurationName = Release;
		};
		3DE970F82D3FFE7100A3B976 /* Build configuration list for PBXNativeTarget "PokemonViper" */ = {
			isa = XCConfigurationList;
			buildConfigurations = (
				3DE970F92D3FFE7100A3B976 /* Debug */,
				3DE970FA2D3FFE7100A3B976 /* Release */,
			);
			defaultConfigurationIsVisible = 0;
			defaultConfigurationName = Release;
		};
/* End XCConfigurationList section */
	};
	rootObject = 3DE970DC2D3FFE6F00A3B976 /* Project object */;
}
